
Microsoft Visual Studio Solution File, Format Version 12.00
# Visual Studio Version 17
VisualStudioVersion = 17.9.34728.123
MinimumVisualStudioVersion = 10.0.40219.1
Project("{FAE04EC0-301F-11D3-BF4B-00C04F79EFBC}") = "ByteBuffer", "ByteBuffer\ByteBuffer.csproj", "{EA71E364-3C2E-437F-8724-1390D1248C38}"
EndProject
Project("{FAE04EC0-301F-11D3-BF4B-00C04F79EFBC}") = "ByteBuffer.Test", "ByteBuffer.Test\ByteBuffer.Test.csproj", "{8EC3A329-129C-4642-B0AB-31403F138CB7}"
EndProject
Global
	GlobalSection(SolutionConfigurationPlatforms) = preSolution
		Debug|Any CPU = Debug|Any CPU
		Release|Any CPU = Release|Any CPU
	EndGlobalSection
	GlobalSection(ProjectConfigurationPlatforms) = postSolution
		{EA71E364-3C2E-437F-8724-1390D1248C38}.Debug|Any CPU.ActiveCfg = Debug|Any CPU
		{EA71E364-3C2E-437F-8724-1390D1248C38}.Debug|Any CPU.Build.0 = Debug|Any CPU
		{EA71E364-3C2E-437F-8724-1390D1248C38}.Release|Any CPU.ActiveCfg = Release|Any CPU
		{EA71E364-3C2E-437F-8724-1390D1248C38}.Release|Any CPU.Build.0 = Release|Any CPU
		{8EC3A329-129C-4642-B0AB-31403F138CB7}.Debug|Any CPU.ActiveCfg = Debug|Any CPU
		{8EC3A329-129C-4642-B0AB-31403F138CB7}.Debug|Any CPU.Build.0 = Debug|Any CPU
		{8EC3A329-129C-4642-B0AB-31403F138CB7}.Release|Any CPU.ActiveCfg = Release|Any CPU
		{8EC3A329-129C-4642-B0AB-31403F138CB7}.Release|Any CPU.Build.0 = Release|Any CPU
	EndGlobalSection
	GlobalSection(SolutionProperties) = preSolution
		HideSolutionNode = FALSE
	EndGlobalSection
	GlobalSection(ExtensibilityGlobals) = postSolution
		SolutionGuid = {68AAA430-70E0-4317-A8D3-7D5F1672A8CA}
	EndGlobalSection
EndGlobal
